
Microsoft Visual Studio Solution File, Format Version 12.00
# Visual Studio Version 17
VisualStudioVersion = 17.5.002.0
MinimumVisualStudioVersion = 10.0.40219.1
Project("{9A19103F-16F7-4668-BE54-9A1E7A4F7556}") = "DesafioPOO", "DesafioPOO.csproj", "{A1AB2188-E02D-45A8-8978-7370A8D207D9}"
EndProject
Global
	GlobalSection(SolutionConfigurationPlatforms) = preSolution
		Debug|Any CPU = Debug|Any CPU
		Release|Any CPU = Release|Any CPU
	EndGlobalSection
	GlobalSection(ProjectConfigurationPlatforms) = postSolution
		{A1AB2188-E02D-45A8-8978-7370A8D207D9}.Debug|Any CPU.ActiveCfg = Debug|Any CPU
		{A1AB2188-E02D-45A8-8978-7370A8D207D9}.Debug|Any CPU.Build.0 = Debug|Any CPU
		{A1AB2188-E02D-45A8-8978-7370A8D207D9}.Release|Any CPU.ActiveCfg = Release|Any CPU
		{A1AB2188-E02D-45A8-8978-7370A8D207D9}.Release|Any CPU.Build.0 = Release|Any CPU
	EndGlobalSection
	GlobalSection(SolutionProperties) = preSolution
		HideSolutionNode = FALSE
	EndGlobalSection
	GlobalSection(ExtensibilityGlobals) = postSolution
		SolutionGuid = {A8BE3028-35BB-48E6-B57A-728D420EFC3C}
	EndGlobalSection
EndGlobal
